// !$*UTF8*$!
{
	archiveVersion = 1;
	classes = {
	};
	objectVersion = 56;
	objects = {

/* Begin PBXFileReference section */
		9F005A832B564028002F9CEE /* findDivisor.playground */ = {isa = PBXFileReference; lastKnownFileType = file.playground; path = findDivisor.playground; sourceTree = "<group>"; xcLanguageSpecificationIdentifier = xcode.lang.swift; };
		9F005A842B564136002F9CEE /* reverseInteger.playground */ = {isa = PBXFileReference; lastKnownFileType = file.playground; path = reverseInteger.playground; sourceTree = "<group>"; xcLanguageSpecificationIdentifier = xcode.lang.swift; };
		9F28CB3A2B4CFFAB00FB6F1E /* babbling.playground */ = {isa = PBXFileReference; lastKnownFileType = file.playground; path = babbling.playground; sourceTree = "<group>"; xcLanguageSpecificationIdentifier = xcode.lang.swift; };
		9F28CB3B2B4D112E00FB6F1E /* arrayAccuracy.playground */ = {isa = PBXFileReference; lastKnownFileType = file.playground; path = arrayAccuracy.playground; sourceTree = "<group>"; xcLanguageSpecificationIdentifier = xcode.lang.swift; };
		9F29A0D62B54FBF600C79919 /* biggestnumber.playground */ = {isa = PBXFileReference; lastKnownFileType = file.playground; path = biggestnumber.playground; sourceTree = "<group>"; xcLanguageSpecificationIdentifier = xcode.lang.swift; };
		9F29A0D72B54FD5800C79919 /* zigzagConversion.playground */ = {isa = PBXFileReference; lastKnownFileType = file.playground; path = zigzagConversion.playground; sourceTree = "<group>"; xcLanguageSpecificationIdentifier = xcode.lang.swift; };
		9F3A1C902B50F17D00B47EBA /* findNumber.playground */ = {isa = PBXFileReference; lastKnownFileType = file.playground; path = findNumber.playground; sourceTree = "<group>"; xcLanguageSpecificationIdentifier = xcode.lang.swift; };
		9F3A1C912B50F7B600B47EBA /* longestpalindromic.playground */ = {isa = PBXFileReference; lastKnownFileType = file.playground; path = longestpalindromic.playground; sourceTree = "<group>"; xcLanguageSpecificationIdentifier = xcode.lang.swift; };
		9F3EF8822B464F930054A100 /* 1.twosum.playground */ = {isa = PBXFileReference; lastKnownFileType = file.playground; path = 1.twosum.playground; sourceTree = "<group>"; xcLanguageSpecificationIdentifier = xcode.lang.swift; };
		9F3EF8832B4670250054A100 /* palindromeNumber.playground */ = {isa = PBXFileReference; lastKnownFileType = file.playground; path = palindromeNumber.playground; sourceTree = "<group>"; xcLanguageSpecificationIdentifier = xcode.lang.swift; };
		9F3EF8842B46792A0054A100 /* romantoInteger.playground */ = {isa = PBXFileReference; lastKnownFileType = file.playground; path = romantoInteger.playground; sourceTree = "<group>"; xcLanguageSpecificationIdentifier = xcode.lang.swift; };
		9F4075D12B57889900D95354 /* chooseNMultiplyNumber.playground */ = {isa = PBXFileReference; lastKnownFileType = file.playground; path = chooseNMultiplyNumber.playground; sourceTree = "<group>"; xcLanguageSpecificationIdentifier = xcode.lang.swift; };
		9F4075D22B578A2F00D95354 /* atoi.playground */ = {isa = PBXFileReference; lastKnownFileType = file.playground; path = atoi.playground; sourceTree = "<group>"; xcLanguageSpecificationIdentifier = xcode.lang.swift; };
		9F4E40432B58FD0C00BAFABA /* countarrayofstring.playground */ = {isa = PBXFileReference; lastKnownFileType = file.playground; path = countarrayofstring.playground; sourceTree = "<group>"; xcLanguageSpecificationIdentifier = xcode.lang.swift; };
		9F4E40442B59051400BAFABA /* regularexpressionmatching.playground */ = {isa = PBXFileReference; lastKnownFileType = file.playground; path = regularexpressionmatching.playground; sourceTree = "<group>"; xcLanguageSpecificationIdentifier = xcode.lang.swift; };
		9F5432652B5A6A3A00E5443B /* addDigit.playground */ = {isa = PBXFileReference; lastKnownFileType = file.playground; path = addDigit.playground; sourceTree = "<group>"; xcLanguageSpecificationIdentifier = xcode.lang.swift; };
		9F774CBD2B4E37B5001D630C /* germ.playground */ = {isa = PBXFileReference; lastKnownFileType = file.playground; path = germ.playground; sourceTree = "<group>"; xcLanguageSpecificationIdentifier = xcode.lang.swift; };
		9F774CBE2B4E3B72001D630C /* LongestSubstringWIthoutREpeatingCharacters.playground */ = {isa = PBXFileReference; lastKnownFileType = file.playground; path = LongestSubstringWIthoutREpeatingCharacters.playground; sourceTree = "<group>"; xcLanguageSpecificationIdentifier = xcode.lang.swift; };
		9F774CBF2B4E649F001D630C /* ConcatenationOfArray.playground */ = {isa = PBXFileReference; lastKnownFileType = file.playground; path = ConcatenationOfArray.playground; sourceTree = "<group>"; xcLanguageSpecificationIdentifier = xcode.lang.swift; };
		9FCD39B52B4FB27B003BD006 /* letter.playground */ = {isa = PBXFileReference; lastKnownFileType = file.playground; path = letter.playground; sourceTree = "<group>"; xcLanguageSpecificationIdentifier = xcode.lang.swift; };
		9FCD39B62B4FB36E003BD006 /* medianoftwosortedarrays.playground */ = {isa = PBXFileReference; lastKnownFileType = file.playground; path = medianoftwosortedarrays.playground; sourceTree = "<group>"; xcLanguageSpecificationIdentifier = xcode.lang.swift; };
		9FD607282B47E47F00D15B0F /* longestcommonprefix.playground */ = {isa = PBXFileReference; lastKnownFileType = file.playground; path = longestcommonprefix.playground; sourceTree = "<group>"; xcLanguageSpecificationIdentifier = xcode.lang.swift; };
		9FE728672B498A3B00DEB6C7 /* addTwoNumbers.playground */ = {isa = PBXFileReference; lastKnownFileType = file.playground; path = addTwoNumbers.playground; sourceTree = "<group>"; xcLanguageSpecificationIdentifier = xcode.lang.swift; };
/* End PBXFileReference section */

/* Begin PBXGroup section */
		9F3EF87A2B464EEA0054A100 = {
			isa = PBXGroup;
			children = (
				9F5432652B5A6A3A00E5443B /* addDigit.playground */,
				9F4E40442B59051400BAFABA /* regularexpressionmatching.playground */,
				9F4E40432B58FD0C00BAFABA /* countarrayofstring.playground */,
				9F4075D22B578A2F00D95354 /* atoi.playground */,
				9F4075D12B57889900D95354 /* chooseNMultiplyNumber.playground */,
				9F005A842B564136002F9CEE /* reverseInteger.playground */,
				9F005A832B564028002F9CEE /* findDivisor.playground */,
				9F29A0D72B54FD5800C79919 /* zigzagConversion.playground */,
				9F29A0D62B54FBF600C79919 /* biggestnumber.playground */,
				9F3A1C912B50F7B600B47EBA /* longestpalindromic.playground */,
				9F3A1C902B50F17D00B47EBA /* findNumber.playground */,
				9FCD39B62B4FB36E003BD006 /* medianoftwosortedarrays.playground */,
				9FCD39B52B4FB27B003BD006 /* letter.playground */,
				9F774CBF2B4E649F001D630C /* ConcatenationOfArray.playground */,
				9F774CBE2B4E3B72001D630C /* LongestSubstringWIthoutREpeatingCharacters.playground */,
				9F774CBD2B4E37B5001D630C /* germ.playground */,
				9F28CB3B2B4D112E00FB6F1E /* arrayAccuracy.playground */,
				9F28CB3A2B4CFFAB00FB6F1E /* babbling.playground */,
				9FE728672B498A3B00DEB6C7 /* addTwoNumbers.playground */,
				9FD607282B47E47F00D15B0F /* longestcommonprefix.playground */,
				9F3EF8842B46792A0054A100 /* romantoInteger.playground */,
				9F3EF8832B4670250054A100 /* palindromeNumber.playground */,
				9F3EF8822B464F930054A100 /* 1.twosum.playground */,
			);
			sourceTree = "<group>";
		};
/* End PBXGroup section */

/* Begin PBXProject section */
		9F3EF87B2B464EEA0054A100 /* Project object */ = {
			isa = PBXProject;
			attributes = {
				BuildIndependentTargetsInParallel = 1;
				LastUpgradeCheck = 1420;
			};
			buildConfigurationList = 9F3EF87E2B464EEA0054A100 /* Build configuration list for PBXProject "leetCode" */;
			compatibilityVersion = "Xcode 14.0";
			developmentRegion = en;
			hasScannedForEncodings = 0;
			knownRegions = (
				en,
				Base,
			);
			mainGroup = 9F3EF87A2B464EEA0054A100;
			projectDirPath = "";
			projectRoot = "";
			targets = (
			);
		};
/* End PBXProject section */

/* Begin XCBuildConfiguration section */
		9F3EF87F2B464EEA0054A100 /* Debug */ = {
			isa = XCBuildConfiguration;
			buildSettings = {
			};
			name = Debug;
		};
		9F3EF8802B464EEA0054A100 /* Release */ = {
			isa = XCBuildConfiguration;
			buildSettings = {
			};
			name = Release;
		};
/* End XCBuildConfiguration section */

/* Begin XCConfigurationList section */
		9F3EF87E2B464EEA0054A100 /* Build configuration list for PBXProject "leetCode" */ = {
			isa = XCConfigurationList;
			buildConfigurations = (
				9F3EF87F2B464EEA0054A100 /* Debug */,
				9F3EF8802B464EEA0054A100 /* Release */,
			);
			defaultConfigurationIsVisible = 0;
			defaultConfigurationName = Release;
		};
/* End XCConfigurationList section */
	};
	rootObject = 9F3EF87B2B464EEA0054A100 /* Project object */;
}
